// !$*UTF8*$!
{
	archiveVersion = 1;
	classes = {
	};
	objectVersion = 46;
	objects = {

/* Begin PBXBuildFile section */
		61574F0916A29148000FE9A1 /* UIKit.framework in Frameworks */ = {isa = PBXBuildFile; fileRef = 61574F0816A29148000FE9A1 /* UIKit.framework */; };
		61574F0B16A29148000FE9A1 /* Foundation.framework in Frameworks */ = {isa = PBXBuildFile; fileRef = 61574F0A16A29148000FE9A1 /* Foundation.framework */; };
		61574F0D16A29148000FE9A1 /* CoreGraphics.framework in Frameworks */ = {isa = PBXBuildFile; fileRef = 61574F0C16A29148000FE9A1 /* CoreGraphics.framework */; };
		61574F1316A29149000FE9A1 /* InfoPlist.strings in Resources */ = {isa = PBXBuildFile; fileRef = 61574F1116A29149000FE9A1 /* InfoPlist.strings */; };
		61574F1516A29149000FE9A1 /* main.m in Sources */ = {isa = PBXBuildFile; fileRef = 61574F1416A29149000FE9A1 /* main.m */; };
		61574F3016A29BEA000FE9A1 /* AppDelegate.m in Sources */ = {isa = PBXBuildFile; fileRef = 61574F2F16A29BEA000FE9A1 /* AppDelegate.m */; };
		A2327EF616A8265000A11FE7 /* PhoneUtil.m in Sources */ = {isa = PBXBuildFile; fileRef = A2327EF516A8265000A11FE7 /* PhoneUtil.m */; };
		A2327F1116A83C9700A11FE7 /* MD5Util.m in Sources */ = {isa = PBXBuildFile; fileRef = A2327F1016A83C9700A11FE7 /* MD5Util.m */; };
		A2327F1616A8483100A11FE7 /* OpenUDID.m in Sources */ = {isa = PBXBuildFile; fileRef = A2327F1516A8483100A11FE7 /* OpenUDID.m */; };
		A2327F1916A8483900A11FE7 /* IPAddress.c in Sources */ = {isa = PBXBuildFile; fileRef = A2327F1716A8483900A11FE7 /* IPAddress.c */; };
		A2327F1F16A84F6900A11FE7 /* StringUtil.m in Sources */ = {isa = PBXBuildFile; fileRef = A2327F1E16A84F6900A11FE7 /* StringUtil.m */; };
		A2327F2316A8514500A11FE7 /* DateUtil.m in Sources */ = {isa = PBXBuildFile; fileRef = A2327F2216A8514500A11FE7 /* DateUtil.m */; };
		A2A3A06816A43E4E000C6D09 /* readme.txt in Resources */ = {isa = PBXBuildFile; fileRef = A2A3A06716A43E4E000C6D09 /* readme.txt */; };
		A2A3A07316A44134000C6D09 /* SystemConfiguration.framework in Frameworks */ = {isa = PBXBuildFile; fileRef = A2A3A07216A44134000C6D09 /* SystemConfiguration.framework */; };
		A2A3A07516A4413E000C6D09 /* MobileCoreServices.framework in Frameworks */ = {isa = PBXBuildFile; fileRef = A2A3A07416A4413E000C6D09 /* MobileCoreServices.framework */; };
		A2A3A07B16A44183000C6D09 /* CFNetwork.framework in Frameworks */ = {isa = PBXBuildFile; fileRef = A2A3A07A16A44183000C6D09 /* CFNetwork.framework */; };
		A2A3A07D16A44194000C6D09 /* libz.1.2.5.dylib in Frameworks */ = {isa = PBXBuildFile; fileRef = A2A3A07C16A44194000C6D09 /* libz.1.2.5.dylib */; };
		A2A3A07F16A441A3000C6D09 /* libsqlite3.0.dylib in Frameworks */ = {isa = PBXBuildFile; fileRef = A2A3A07E16A441A3000C6D09 /* libsqlite3.0.dylib */; };
		A2A3A08116A4424C000C6D09 /* QuartzCore.framework in Frameworks */ = {isa = PBXBuildFile; fileRef = A2A3A08016A4424C000C6D09 /* QuartzCore.framework */; };
		A2A3A09316A45660000C6D09 /* UncaughtExceptionHandler.m in Sources */ = {isa = PBXBuildFile; fileRef = A2A3A09216A45660000C6D09 /* UncaughtExceptionHandler.m */; };
		A2A3A09716A45AE6000C6D09 /* UserDefaultsDBUtil.m in Sources */ = {isa = PBXBuildFile; fileRef = A2A3A09616A45AE6000C6D09 /* UserDefaultsDBUtil.m */; };
		A2A3A09A16A45C4C000C6D09 /* BaseModel.m in Sources */ = {isa = PBXBuildFile; fileRef = A2A3A09916A45C4C000C6D09 /* BaseModel.m */; };
		A2A3A0A216A45F80000C6D09 /* Localizable.strings in Resources */ = {isa = PBXBuildFile; fileRef = A2A3A0A416A45F80000C6D09 /* Localizable.strings */; };
		A2A3A0C616A46175000C6D09 /* NSObject+SBJson.m in Sources */ = {isa = PBXBuildFile; fileRef = A2A3A0AE16A46175000C6D09 /* NSObject+SBJson.m */; };
		A2A3A0C716A46175000C6D09 /* SBJsonParser.m in Sources */ = {isa = PBXBuildFile; fileRef = A2A3A0B116A46175000C6D09 /* SBJsonParser.m */; };
		A2A3A0C816A46175000C6D09 /* SBJsonStreamParser.m in Sources */ = {isa = PBXBuildFile; fileRef = A2A3A0B316A46175000C6D09 /* SBJsonStreamParser.m */; };
		A2A3A0C916A46175000C6D09 /* SBJsonStreamParserAccumulator.m in Sources */ = {isa = PBXBuildFile; fileRef = A2A3A0B516A46175000C6D09 /* SBJsonStreamParserAccumulator.m */; };
		A2A3A0CA16A46175000C6D09 /* SBJsonStreamParserAdapter.m in Sources */ = {isa = PBXBuildFile; fileRef = A2A3A0B716A46175000C6D09 /* SBJsonStreamParserAdapter.m */; };
		A2A3A0CB16A46175000C6D09 /* SBJsonStreamParserState.m in Sources */ = {isa = PBXBuildFile; fileRef = A2A3A0B916A46175000C6D09 /* SBJsonStreamParserState.m */; };
		A2A3A0CC16A46175000C6D09 /* SBJsonStreamWriter.m in Sources */ = {isa = PBXBuildFile; fileRef = A2A3A0BB16A46175000C6D09 /* SBJsonStreamWriter.m */; };
		A2A3A0CD16A46175000C6D09 /* SBJsonStreamWriterAccumulator.m in Sources */ = {isa = PBXBuildFile; fileRef = A2A3A0BD16A46175000C6D09 /* SBJsonStreamWriterAccumulator.m */; };
		A2A3A0CE16A46175000C6D09 /* SBJsonStreamWriterState.m in Sources */ = {isa = PBXBuildFile; fileRef = A2A3A0BF16A46175000C6D09 /* SBJsonStreamWriterState.m */; };
		A2A3A0CF16A46175000C6D09 /* SBJsonTokeniser.m in Sources */ = {isa = PBXBuildFile; fileRef = A2A3A0C116A46175000C6D09 /* SBJsonTokeniser.m */; };
		A2A3A0D016A46175000C6D09 /* SBJsonUTF8Stream.m in Sources */ = {isa = PBXBuildFile; fileRef = A2A3A0C316A46175000C6D09 /* SBJsonUTF8Stream.m */; };
		A2A3A0D116A46175000C6D09 /* SBJsonWriter.m in Sources */ = {isa = PBXBuildFile; fileRef = A2A3A0C516A46175000C6D09 /* SBJsonWriter.m */; };
		A2A3A0DA16A46184000C6D09 /* EGODatabase.m in Sources */ = {isa = PBXBuildFile; fileRef = A2A3A0D316A46184000C6D09 /* EGODatabase.m */; };
		A2A3A0DB16A46184000C6D09 /* EGODatabaseRequest.m in Sources */ = {isa = PBXBuildFile; fileRef = A2A3A0D516A46184000C6D09 /* EGODatabaseRequest.m */; };
		A2A3A0DC16A46184000C6D09 /* EGODatabaseResult.m in Sources */ = {isa = PBXBuildFile; fileRef = A2A3A0D716A46184000C6D09 /* EGODatabaseResult.m */; };
		A2A3A0DD16A46184000C6D09 /* EGODatabaseRow.m in Sources */ = {isa = PBXBuildFile; fileRef = A2A3A0D916A46184000C6D09 /* EGODatabaseRow.m */; };
		A2A3A0E016A46196000C6D09 /* EGOCache.m in Sources */ = {isa = PBXBuildFile; fileRef = A2A3A0DF16A46196000C6D09 /* EGOCache.m */; };
		A2A3A0E316A461A7000C6D09 /* EGOImageButton.m in Sources */ = {isa = PBXBuildFile; fileRef = A2A3A0E216A461A7000C6D09 /* EGOImageButton.m */; };
		A2A3A0E816A461B7000C6D09 /* EGOImageLoadConnection.m in Sources */ = {isa = PBXBuildFile; fileRef = A2A3A0E516A461B7000C6D09 /* EGOImageLoadConnection.m */; };
		A2A3A0E916A461B7000C6D09 /* EGOImageLoader.m in Sources */ = {isa = PBXBuildFile; fileRef = A2A3A0E716A461B7000C6D09 /* EGOImageLoader.m */; };
		A2A3A0EC16A461CB000C6D09 /* EGOImageView.m in Sources */ = {isa = PBXBuildFile; fileRef = A2A3A0EB16A461CB000C6D09 /* EGOImageView.m */; };
		A2A3A10616A46258000C6D09 /* ASIAuthenticationDialog.m in Sources */ = {isa = PBXBuildFile; fileRef = A2A3A0EF16A46258000C6D09 /* ASIAuthenticationDialog.m */; };
		A2A3A10716A46258000C6D09 /* ASIDataCompressor.m in Sources */ = {isa = PBXBuildFile; fileRef = A2A3A0F216A46258000C6D09 /* ASIDataCompressor.m */; };
		A2A3A10816A46258000C6D09 /* ASIDataDecompressor.m in Sources */ = {isa = PBXBuildFile; fileRef = A2A3A0F416A46258000C6D09 /* ASIDataDecompressor.m */; };
		A2A3A10916A46258000C6D09 /* ASIDownloadCache.m in Sources */ = {isa = PBXBuildFile; fileRef = A2A3A0F616A46258000C6D09 /* ASIDownloadCache.m */; };
		A2A3A10A16A46258000C6D09 /* ASIFormDataRequest.m in Sources */ = {isa = PBXBuildFile; fileRef = A2A3A0F816A46258000C6D09 /* ASIFormDataRequest.m */; };
		A2A3A10B16A46258000C6D09 /* ASIHTTPRequest.m in Sources */ = {isa = PBXBuildFile; fileRef = A2A3A0FA16A46258000C6D09 /* ASIHTTPRequest.m */; };
		A2A3A10C16A46258000C6D09 /* ASIInputStream.m in Sources */ = {isa = PBXBuildFile; fileRef = A2A3A0FE16A46258000C6D09 /* ASIInputStream.m */; };
		A2A3A10D16A46258000C6D09 /* ASINetworkQueue.m in Sources */ = {isa = PBXBuildFile; fileRef = A2A3A10016A46258000C6D09 /* ASINetworkQueue.m */; };
		A2A3A10E16A46258000C6D09 /* Reachability.m in Sources */ = {isa = PBXBuildFile; fileRef = A2A3A10316A46258000C6D09 /* Reachability.m */; };
		A2A3A10F16A46258000C6D09 /* ReachabilityAppDelegate.m in Sources */ = {isa = PBXBuildFile; fileRef = A2A3A10516A46258000C6D09 /* ReachabilityAppDelegate.m */; };
		A2A3A11216A4632F000C6D09 /* ItemDBUtil.m in Sources */ = {isa = PBXBuildFile; fileRef = A2A3A11116A4632F000C6D09 /* ItemDBUtil.m */; };
		A2DE445516AA7FEE0057B54E /* FileUtil.m in Sources */ = {isa = PBXBuildFile; fileRef = A2DE445416AA7FEE0057B54E /* FileUtil.m */; };
		A2DE446216AA86350057B54E /* MyViewController.m in Sources */ = {isa = PBXBuildFile; fileRef = A2DE446016AA86350057B54E /* MyViewController.m */; };
		A2DE446316AA86350057B54E /* MyViewController.xib in Resources */ = {isa = PBXBuildFile; fileRef = A2DE446116AA86350057B54E /* MyViewController.xib */; };
/* End PBXBuildFile section */

/* Begin PBXFileReference section */
		61574F0416A29148000FE9A1 /* wacool_pad.app */ = {isa = PBXFileReference; explicitFileType = wrapper.application; includeInIndex = 0; path = wacool_pad.app; sourceTree = BUILT_PRODUCTS_DIR; };
		61574F0816A29148000FE9A1 /* UIKit.framework */ = {isa = PBXFileReference; lastKnownFileType = wrapper.framework; name = UIKit.framework; path = System/Library/Frameworks/UIKit.framework; sourceTree = SDKROOT; };
		61574F0A16A29148000FE9A1 /* Foundation.framework */ = {isa = PBXFileReference; lastKnownFileType = wrapper.framework; name = Foundation.framework; path = System/Library/Frameworks/Foundation.framework; sourceTree = SDKROOT; };
		61574F0C16A29148000FE9A1 /* CoreGraphics.framework */ = {isa = PBXFileReference; lastKnownFileType = wrapper.framework; name = CoreGraphics.framework; path = System/Library/Frameworks/CoreGraphics.framework; sourceTree = SDKROOT; };
		61574F1016A29149000FE9A1 /* wacool_pad-Info.plist */ = {isa = PBXFileReference; lastKnownFileType = text.plist.xml; path = "wacool_pad-Info.plist"; sourceTree = "<group>"; };
		61574F1216A29149000FE9A1 /* en */ = {isa = PBXFileReference; lastKnownFileType = text.plist.strings; name = en; path = en.lproj/InfoPlist.strings; sourceTree = "<group>"; };
		61574F1416A29149000FE9A1 /* main.m */ = {isa = PBXFileReference; lastKnownFileType = sourcecode.c.objc; path = main.m; sourceTree = "<group>"; };
		61574F1616A29149000FE9A1 /* wacool_pad-Prefix.pch */ = {isa = PBXFileReference; lastKnownFileType = sourcecode.c.h; path = "wacool_pad-Prefix.pch"; sourceTree = "<group>"; };
		61574F2E16A29BEA000FE9A1 /* AppDelegate.h */ = {isa = PBXFileReference; fileEncoding = 4; lastKnownFileType = sourcecode.c.h; name = AppDelegate.h; path = Delegates/App_Delegate/AppDelegate.h; sourceTree = "<group>"; };
		61574F2F16A29BEA000FE9A1 /* AppDelegate.m */ = {isa = PBXFileReference; fileEncoding = 4; lastKnownFileType = sourcecode.c.objc; name = AppDelegate.m; path = Delegates/App_Delegate/AppDelegate.m; sourceTree = "<group>"; };
		A2327EF416A8265000A11FE7 /* PhoneUtil.h */ = {isa = PBXFileReference; fileEncoding = 4; lastKnownFileType = sourcecode.c.h; name = PhoneUtil.h; path = wacool_pad/CommonUtil/PhoneUtil.h; sourceTree = "<group>"; };
		A2327EF516A8265000A11FE7 /* PhoneUtil.m */ = {isa = PBXFileReference; fileEncoding = 4; lastKnownFileType = sourcecode.c.objc; name = PhoneUtil.m; path = wacool_pad/CommonUtil/PhoneUtil.m; sourceTree = "<group>"; };
		A2327F0F16A83C9700A11FE7 /* MD5Util.h */ = {isa = PBXFileReference; fileEncoding = 4; lastKnownFileType = sourcecode.c.h; name = MD5Util.h; path = wacool_pad/CommonUtil/MD5Util.h; sourceTree = "<group>"; };
		A2327F1016A83C9700A11FE7 /* MD5Util.m */ = {isa = PBXFileReference; fileEncoding = 4; lastKnownFileType = sourcecode.c.objc; name = MD5Util.m; path = wacool_pad/CommonUtil/MD5Util.m; sourceTree = "<group>"; };
		A2327F1416A8483100A11FE7 /* OpenUDID.h */ = {isa = PBXFileReference; fileEncoding = 4; lastKnownFileType = sourcecode.c.h; name = OpenUDID.h; path = wacool_pad/CommonUtil/OpenUDID.h; sourceTree = "<group>"; };
		A2327F1516A8483100A11FE7 /* OpenUDID.m */ = {isa = PBXFileReference; fileEncoding = 4; lastKnownFileType = sourcecode.c.objc; name = OpenUDID.m; path = wacool_pad/CommonUtil/OpenUDID.m; sourceTree = "<group>"; };
		A2327F1716A8483900A11FE7 /* IPAddress.c */ = {isa = PBXFileReference; fileEncoding = 4; lastKnownFileType = sourcecode.c.c; name = IPAddress.c; path = wacool_pad/CommonUtil/IPAddress.c; sourceTree = "<group>"; };
		A2327F1816A8483900A11FE7 /* IPAddress.h */ = {isa = PBXFileReference; fileEncoding = 4; lastKnownFileType = sourcecode.c.h; name = IPAddress.h; path = wacool_pad/CommonUtil/IPAddress.h; sourceTree = "<group>"; };
		A2327F1D16A84F6900A11FE7 /* StringUtil.h */ = {isa = PBXFileReference; fileEncoding = 4; lastKnownFileType = sourcecode.c.h; name = StringUtil.h; path = wacool_pad/CommonUtil/StringUtil.h; sourceTree = "<group>"; };
		A2327F1E16A84F6900A11FE7 /* StringUtil.m */ = {isa = PBXFileReference; fileEncoding = 4; lastKnownFileType = sourcecode.c.objc; name = StringUtil.m; path = wacool_pad/CommonUtil/StringUtil.m; sourceTree = "<group>"; };
		A2327F2116A8514500A11FE7 /* DateUtil.h */ = {isa = PBXFileReference; fileEncoding = 4; lastKnownFileType = sourcecode.c.h; name = DateUtil.h; path = wacool_pad/CommonUtil/DateUtil.h; sourceTree = "<group>"; };
		A2327F2216A8514500A11FE7 /* DateUtil.m */ = {isa = PBXFileReference; fileEncoding = 4; lastKnownFileType = sourcecode.c.objc; name = DateUtil.m; path = wacool_pad/CommonUtil/DateUtil.m; sourceTree = "<group>"; };
		A2A3A06716A43E4E000C6D09 /* readme.txt */ = {isa = PBXFileReference; fileEncoding = 4; lastKnownFileType = text; path = readme.txt; sourceTree = "<group>"; };
		A2A3A06A16A43EC8000C6D09 /* ApiReqDelegate.h */ = {isa = PBXFileReference; fileEncoding = 4; lastKnownFileType = sourcecode.c.h; name = ApiReqDelegate.h; path = Delegates/ApiDelegate/ApiReqDelegate.h; sourceTree = "<group>"; };
		A2A3A07216A44134000C6D09 /* SystemConfiguration.framework */ = {isa = PBXFileReference; lastKnownFileType = wrapper.framework; name = SystemConfiguration.framework; path = System/Library/Frameworks/SystemConfiguration.framework; sourceTree = SDKROOT; };
		A2A3A07416A4413E000C6D09 /* MobileCoreServices.framework */ = {isa = PBXFileReference; lastKnownFileType = wrapper.framework; name = MobileCoreServices.framework; path = System/Library/Frameworks/MobileCoreServices.framework; sourceTree = SDKROOT; };
		A2A3A07A16A44183000C6D09 /* CFNetwork.framework */ = {isa = PBXFileReference; lastKnownFileType = wrapper.framework; name = CFNetwork.framework; path = System/Library/Frameworks/CFNetwork.framework; sourceTree = SDKROOT; };
		A2A3A07C16A44194000C6D09 /* libz.1.2.5.dylib */ = {isa = PBXFileReference; lastKnownFileType = "compiled.mach-o.dylib"; name = libz.1.2.5.dylib; path = usr/lib/libz.1.2.5.dylib; sourceTree = SDKROOT; };
		A2A3A07E16A441A3000C6D09 /* libsqlite3.0.dylib */ = {isa = PBXFileReference; lastKnownFileType = "compiled.mach-o.dylib"; name = libsqlite3.0.dylib; path = usr/lib/libsqlite3.0.dylib; sourceTree = SDKROOT; };
		A2A3A08016A4424C000C6D09 /* QuartzCore.framework */ = {isa = PBXFileReference; lastKnownFileType = wrapper.framework; name = QuartzCore.framework; path = System/Library/Frameworks/QuartzCore.framework; sourceTree = SDKROOT; };
		A2A3A09116A45660000C6D09 /* UncaughtExceptionHandler.h */ = {isa = PBXFileReference; fileEncoding = 4; lastKnownFileType = sourcecode.c.h; name = UncaughtExceptionHandler.h; path = CrashHandler/UncaughtExceptionHandler.h; sourceTree = "<group>"; };
		A2A3A09216A45660000C6D09 /* UncaughtExceptionHandler.m */ = {isa = PBXFileReference; fileEncoding = 4; lastKnownFileType = sourcecode.c.objc; name = UncaughtExceptionHandler.m; path = CrashHandler/UncaughtExceptionHandler.m; sourceTree = "<group>"; };
		A2A3A09416A4594C000C6D09 /* UserDefaultsConstant.h */ = {isa = PBXFileReference; lastKnownFileType = sourcecode.c.h; path = UserDefaultsConstant.h; sourceTree = "<group>"; };
		A2A3A09516A45AE6000C6D09 /* UserDefaultsDBUtil.h */ = {isa = PBXFileReference; fileEncoding = 4; lastKnownFileType = sourcecode.c.h; name = UserDefaultsDBUtil.h; path = DBUtils/UserDefaultsDBUtil.h; sourceTree = "<group>"; };
		A2A3A09616A45AE6000C6D09 /* UserDefaultsDBUtil.m */ = {isa = PBXFileReference; fileEncoding = 4; lastKnownFileType = sourcecode.c.objc; name = UserDefaultsDBUtil.m; path = DBUtils/UserDefaultsDBUtil.m; sourceTree = "<group>"; };
		A2A3A09816A45C4C000C6D09 /* BaseModel.h */ = {isa = PBXFileReference; fileEncoding = 4; lastKnownFileType = sourcecode.c.h; name = BaseModel.h; path = Models/BaseModel.h; sourceTree = "<group>"; };
		A2A3A09916A45C4C000C6D09 /* BaseModel.m */ = {isa = PBXFileReference; fileEncoding = 4; lastKnownFileType = sourcecode.c.objc; name = BaseModel.m; path = Models/BaseModel.m; sourceTree = "<group>"; };
		A2A3A0A316A45F80000C6D09 /* en */ = {isa = PBXFileReference; lastKnownFileType = text.plist.strings; name = en; path = en.lproj/Localizable.strings; sourceTree = "<group>"; };
		A2A3A0A516A45F8F000C6D09 /* zh-Hans */ = {isa = PBXFileReference; lastKnownFileType = text.plist.strings; name = "zh-Hans"; path = "zh-Hans.lproj/Localizable.strings"; sourceTree = "<group>"; };
		A2A3A0AD16A46175000C6D09 /* NSObject+SBJson.h */ = {isa = PBXFileReference; fileEncoding = 4; lastKnownFileType = sourcecode.c.h; name = "NSObject+SBJson.h"; path = "wacool_pad/SBJsonUtil/NSObject+SBJson.h"; sourceTree = "<group>"; };
		A2A3A0AE16A46175000C6D09 /* NSObject+SBJson.m */ = {isa = PBXFileReference; fileEncoding = 4; lastKnownFileType = sourcecode.c.objc; name = "NSObject+SBJson.m"; path = "wacool_pad/SBJsonUtil/NSObject+SBJson.m"; sourceTree = "<group>"; };
		A2A3A0AF16A46175000C6D09 /* SBJson.h */ = {isa = PBXFileReference; fileEncoding = 4; lastKnownFileType = sourcecode.c.h; name = SBJson.h; path = wacool_pad/SBJsonUtil/SBJson.h; sourceTree = "<group>"; };
		A2A3A0B016A46175000C6D09 /* SBJsonParser.h */ = {isa = PBXFileReference; fileEncoding = 4; lastKnownFileType = sourcecode.c.h; name = SBJsonParser.h; path = wacool_pad/SBJsonUtil/SBJsonParser.h; sourceTree = "<group>"; };
		A2A3A0B116A46175000C6D09 /* SBJsonParser.m */ = {isa = PBXFileReference; fileEncoding = 4; lastKnownFileType = sourcecode.c.objc; name = SBJsonParser.m; path = wacool_pad/SBJsonUtil/SBJsonParser.m; sourceTree = "<group>"; };
		A2A3A0B216A46175000C6D09 /* SBJsonStreamParser.h */ = {isa = PBXFileReference; fileEncoding = 4; lastKnownFileType = sourcecode.c.h; name = SBJsonStreamParser.h; path = wacool_pad/SBJsonUtil/SBJsonStreamParser.h; sourceTree = "<group>"; };
		A2A3A0B316A46175000C6D09 /* SBJsonStreamParser.m */ = {isa = PBXFileReference; fileEncoding = 4; lastKnownFileType = sourcecode.c.objc; name = SBJsonStreamParser.m; path = wacool_pad/SBJsonUtil/SBJsonStreamParser.m; sourceTree = "<group>"; };
		A2A3A0B416A46175000C6D09 /* SBJsonStreamParserAccumulator.h */ = {isa = PBXFileReference; fileEncoding = 4; lastKnownFileType = sourcecode.c.h; name = SBJsonStreamParserAccumulator.h; path = wacool_pad/SBJsonUtil/SBJsonStreamParserAccumulator.h; sourceTree = "<group>"; };
		A2A3A0B516A46175000C6D09 /* SBJsonStreamParserAccumulator.m */ = {isa = PBXFileReference; fileEncoding = 4; lastKnownFileType = sourcecode.c.objc; name = SBJsonStreamParserAccumulator.m; path = wacool_pad/SBJsonUtil/SBJsonStreamParserAccumulator.m; sourceTree = "<group>"; };
		A2A3A0B616A46175000C6D09 /* SBJsonStreamParserAdapter.h */ = {isa = PBXFileReference; fileEncoding = 4; lastKnownFileType = sourcecode.c.h; name = SBJsonStreamParserAdapter.h; path = wacool_pad/SBJsonUtil/SBJsonStreamParserAdapter.h; sourceTree = "<group>"; };
		A2A3A0B716A46175000C6D09 /* SBJsonStreamParserAdapter.m */ = {isa = PBXFileReference; fileEncoding = 4; lastKnownFileType = sourcecode.c.objc; name = SBJsonStreamParserAdapter.m; path = wacool_pad/SBJsonUtil/SBJsonStreamParserAdapter.m; sourceTree = "<group>"; };
		A2A3A0B816A46175000C6D09 /* SBJsonStreamParserState.h */ = {isa = PBXFileReference; fileEncoding = 4; lastKnownFileType = sourcecode.c.h; name = SBJsonStreamParserState.h; path = wacool_pad/SBJsonUtil/SBJsonStreamParserState.h; sourceTree = "<group>"; };
		A2A3A0B916A46175000C6D09 /* SBJsonStreamParserState.m */ = {isa = PBXFileReference; fileEncoding = 4; lastKnownFileType = sourcecode.c.objc; name = SBJsonStreamParserState.m; path = wacool_pad/SBJsonUtil/SBJsonStreamParserState.m; sourceTree = "<group>"; };
		A2A3A0BA16A46175000C6D09 /* SBJsonStreamWriter.h */ = {isa = PBXFileReference; fileEncoding = 4; lastKnownFileType = sourcecode.c.h; name = SBJsonStreamWriter.h; path = wacool_pad/SBJsonUtil/SBJsonStreamWriter.h; sourceTree = "<group>"; };
		A2A3A0BB16A46175000C6D09 /* SBJsonStreamWriter.m */ = {isa = PBXFileReference; fileEncoding = 4; lastKnownFileType = sourcecode.c.objc; name = SBJsonStreamWriter.m; path = wacool_pad/SBJsonUtil/SBJsonStreamWriter.m; sourceTree = "<group>"; };
		A2A3A0BC16A46175000C6D09 /* SBJsonStreamWriterAccumulator.h */ = {isa = PBXFileReference; fileEncoding = 4; lastKnownFileType = sourcecode.c.h; name = SBJsonStreamWriterAccumulator.h; path = wacool_pad/SBJsonUtil/SBJsonStreamWriterAccumulator.h; sourceTree = "<group>"; };
		A2A3A0BD16A46175000C6D09 /* SBJsonStreamWriterAccumulator.m */ = {isa = PBXFileReference; fileEncoding = 4; lastKnownFileType = sourcecode.c.objc; name = SBJsonStreamWriterAccumulator.m; path = wacool_pad/SBJsonUtil/SBJsonStreamWriterAccumulator.m; sourceTree = "<group>"; };
		A2A3A0BE16A46175000C6D09 /* SBJsonStreamWriterState.h */ = {isa = PBXFileReference; fileEncoding = 4; lastKnownFileType = sourcecode.c.h; name = SBJsonStreamWriterState.h; path = wacool_pad/SBJsonUtil/SBJsonStreamWriterState.h; sourceTree = "<group>"; };
		A2A3A0BF16A46175000C6D09 /* SBJsonStreamWriterState.m */ = {isa = PBXFileReference; fileEncoding = 4; lastKnownFileType = sourcecode.c.objc; name = SBJsonStreamWriterState.m; path = wacool_pad/SBJsonUtil/SBJsonStreamWriterState.m; sourceTree = "<group>"; };
		A2A3A0C016A46175000C6D09 /* SBJsonTokeniser.h */ = {isa = PBXFileReference; fileEncoding = 4; lastKnownFileType = sourcecode.c.h; name = SBJsonTokeniser.h; path = wacool_pad/SBJsonUtil/SBJsonTokeniser.h; sourceTree = "<group>"; };
		A2A3A0C116A46175000C6D09 /* SBJsonTokeniser.m */ = {isa = PBXFileReference; fileEncoding = 4; lastKnownFileType = sourcecode.c.objc; name = SBJsonTokeniser.m; path = wacool_pad/SBJsonUtil/SBJsonTokeniser.m; sourceTree = "<group>"; };
		A2A3A0C216A46175000C6D09 /* SBJsonUTF8Stream.h */ = {isa = PBXFileReference; fileEncoding = 4; lastKnownFileType = sourcecode.c.h; name = SBJsonUTF8Stream.h; path = wacool_pad/SBJsonUtil/SBJsonUTF8Stream.h; sourceTree = "<group>"; };
		A2A3A0C316A46175000C6D09 /* SBJsonUTF8Stream.m */ = {isa = PBXFileReference; fileEncoding = 4; lastKnownFileType = sourcecode.c.objc; name = SBJsonUTF8Stream.m; path = wacool_pad/SBJsonUtil/SBJsonUTF8Stream.m; sourceTree = "<group>"; };
		A2A3A0C416A46175000C6D09 /* SBJsonWriter.h */ = {isa = PBXFileReference; fileEncoding = 4; lastKnownFileType = sourcecode.c.h; name = SBJsonWriter.h; path = wacool_pad/SBJsonUtil/SBJsonWriter.h; sourceTree = "<group>"; };
		A2A3A0C516A46175000C6D09 /* SBJsonWriter.m */ = {isa = PBXFileReference; fileEncoding = 4; lastKnownFileType = sourcecode.c.objc; name = SBJsonWriter.m; path = wacool_pad/SBJsonUtil/SBJsonWriter.m; sourceTree = "<group>"; };
		A2A3A0D216A46184000C6D09 /* EGODatabase.h */ = {isa = PBXFileReference; fileEncoding = 4; lastKnownFileType = sourcecode.c.h; name = EGODatabase.h; path = wacool_pad/EGODatabase/EGODatabase.h; sourceTree = "<group>"; };
		A2A3A0D316A46184000C6D09 /* EGODatabase.m */ = {isa = PBXFileReference; fileEncoding = 4; lastKnownFileType = sourcecode.c.objc; name = EGODatabase.m; path = wacool_pad/EGODatabase/EGODatabase.m; sourceTree = "<group>"; };
		A2A3A0D416A46184000C6D09 /* EGODatabaseRequest.h */ = {isa = PBXFileReference; fileEncoding = 4; lastKnownFileType = sourcecode.c.h; name = EGODatabaseRequest.h; path = wacool_pad/EGODatabase/EGODatabaseRequest.h; sourceTree = "<group>"; };
		A2A3A0D516A46184000C6D09 /* EGODatabaseRequest.m */ = {isa = PBXFileReference; fileEncoding = 4; lastKnownFileType = sourcecode.c.objc; name = EGODatabaseRequest.m; path = wacool_pad/EGODatabase/EGODatabaseRequest.m; sourceTree = "<group>"; };
		A2A3A0D616A46184000C6D09 /* EGODatabaseResult.h */ = {isa = PBXFileReference; fileEncoding = 4; lastKnownFileType = sourcecode.c.h; name = EGODatabaseResult.h; path = wacool_pad/EGODatabase/EGODatabaseResult.h; sourceTree = "<group>"; };
		A2A3A0D716A46184000C6D09 /* EGODatabaseResult.m */ = {isa = PBXFileReference; fileEncoding = 4; lastKnownFileType = sourcecode.c.objc; name = EGODatabaseResult.m; path = wacool_pad/EGODatabase/EGODatabaseResult.m; sourceTree = "<group>"; };
		A2A3A0D816A46184000C6D09 /* EGODatabaseRow.h */ = {isa = PBXFileReference; fileEncoding = 4; lastKnownFileType = sourcecode.c.h; name = EGODatabaseRow.h; path = wacool_pad/EGODatabase/EGODatabaseRow.h; sourceTree = "<group>"; };
		A2A3A0D916A46184000C6D09 /* EGODatabaseRow.m */ = {isa = PBXFileReference; fileEncoding = 4; lastKnownFileType = sourcecode.c.objc; name = EGODatabaseRow.m; path = wacool_pad/EGODatabase/EGODatabaseRow.m; sourceTree = "<group>"; };
		A2A3A0DE16A46196000C6D09 /* EGOCache.h */ = {isa = PBXFileReference; fileEncoding = 4; lastKnownFileType = sourcecode.c.h; name = EGOCache.h; path = wacool_pad/EGOImageLoading/EGOCache/EGOCache.h; sourceTree = "<group>"; };
		A2A3A0DF16A46196000C6D09 /* EGOCache.m */ = {isa = PBXFileReference; fileEncoding = 4; lastKnownFileType = sourcecode.c.objc; name = EGOCache.m; path = wacool_pad/EGOImageLoading/EGOCache/EGOCache.m; sourceTree = "<group>"; };
		A2A3A0E116A461A7000C6D09 /* EGOImageButton.h */ = {isa = PBXFileReference; fileEncoding = 4; lastKnownFileType = sourcecode.c.h; name = EGOImageButton.h; path = wacool_pad/EGOImageLoading/EGOImageButton/EGOImageButton.h; sourceTree = "<group>"; };
		A2A3A0E216A461A7000C6D09 /* EGOImageButton.m */ = {isa = PBXFileReference; fileEncoding = 4; lastKnownFileType = sourcecode.c.objc; name = EGOImageButton.m; path = wacool_pad/EGOImageLoading/EGOImageButton/EGOImageButton.m; sourceTree = "<group>"; };
		A2A3A0E416A461B7000C6D09 /* EGOImageLoadConnection.h */ = {isa = PBXFileReference; fileEncoding = 4; lastKnownFileType = sourcecode.c.h; name = EGOImageLoadConnection.h; path = wacool_pad/EGOImageLoading/EGOImageLoader/EGOImageLoadConnection.h; sourceTree = "<group>"; };
		A2A3A0E516A461B7000C6D09 /* EGOImageLoadConnection.m */ = {isa = PBXFileReference; fileEncoding = 4; lastKnownFileType = sourcecode.c.objc; name = EGOImageLoadConnection.m; path = wacool_pad/EGOImageLoading/EGOImageLoader/EGOImageLoadConnection.m; sourceTree = "<group>"; };
		A2A3A0E616A461B7000C6D09 /* EGOImageLoader.h */ = {isa = PBXFileReference; fileEncoding = 4; lastKnownFileType = sourcecode.c.h; name = EGOImageLoader.h; path = wacool_pad/EGOImageLoading/EGOImageLoader/EGOImageLoader.h; sourceTree = "<group>"; };
		A2A3A0E716A461B7000C6D09 /* EGOImageLoader.m */ = {isa = PBXFileReference; fileEncoding = 4; lastKnownFileType = sourcecode.c.objc; name = EGOImageLoader.m; path = wacool_pad/EGOImageLoading/EGOImageLoader/EGOImageLoader.m; sourceTree = "<group>"; };
		A2A3A0EA16A461CB000C6D09 /* EGOImageView.h */ = {isa = PBXFileReference; fileEncoding = 4; lastKnownFileType = sourcecode.c.h; name = EGOImageView.h; path = wacool_pad/EGOImageLoading/EGOImageView/EGOImageView.h; sourceTree = "<group>"; };
		A2A3A0EB16A461CB000C6D09 /* EGOImageView.m */ = {isa = PBXFileReference; fileEncoding = 4; lastKnownFileType = sourcecode.c.objc; name = EGOImageView.m; path = wacool_pad/EGOImageLoading/EGOImageView/EGOImageView.m; sourceTree = "<group>"; };
		A2A3A0EE16A46258000C6D09 /* ASIAuthenticationDialog.h */ = {isa = PBXFileReference; fileEncoding = 4; lastKnownFileType = sourcecode.c.h; name = ASIAuthenticationDialog.h; path = wacool_pad/ASI_Http_Request/ASIAuthenticationDialog.h; sourceTree = "<group>"; };
		A2A3A0EF16A46258000C6D09 /* ASIAuthenticationDialog.m */ = {isa = PBXFileReference; fileEncoding = 4; lastKnownFileType = sourcecode.c.objc; name = ASIAuthenticationDialog.m; path = wacool_pad/ASI_Http_Request/ASIAuthenticationDialog.m; sourceTree = "<group>"; };
		A2A3A0F016A46258000C6D09 /* ASICacheDelegate.h */ = {isa = PBXFileReference; fileEncoding = 4; lastKnownFileType = sourcecode.c.h; name = ASICacheDelegate.h; path = wacool_pad/ASI_Http_Request/ASICacheDelegate.h; sourceTree = "<group>"; };
		A2A3A0F116A46258000C6D09 /* ASIDataCompressor.h */ = {isa = PBXFileReference; fileEncoding = 4; lastKnownFileType = sourcecode.c.h; name = ASIDataCompressor.h; path = wacool_pad/ASI_Http_Request/ASIDataCompressor.h; sourceTree = "<group>"; };
		A2A3A0F216A46258000C6D09 /* ASIDataCompressor.m */ = {isa = PBXFileReference; fileEncoding = 4; lastKnownFileType = sourcecode.c.objc; name = ASIDataCompressor.m; path = wacool_pad/ASI_Http_Request/ASIDataCompressor.m; sourceTree = "<group>"; };
		A2A3A0F316A46258000C6D09 /* ASIDataDecompressor.h */ = {isa = PBXFileReference; fileEncoding = 4; lastKnownFileType = sourcecode.c.h; name = ASIDataDecompressor.h; path = wacool_pad/ASI_Http_Request/ASIDataDecompressor.h; sourceTree = "<group>"; };
		A2A3A0F416A46258000C6D09 /* ASIDataDecompressor.m */ = {isa = PBXFileReference; fileEncoding = 4; lastKnownFileType = sourcecode.c.objc; name = ASIDataDecompressor.m; path = wacool_pad/ASI_Http_Request/ASIDataDecompressor.m; sourceTree = "<group>"; };
		A2A3A0F516A46258000C6D09 /* ASIDownloadCache.h */ = {isa = PBXFileReference; fileEncoding = 4; lastKnownFileType = sourcecode.c.h; name = ASIDownloadCache.h; path = wacool_pad/ASI_Http_Request/ASIDownloadCache.h; sourceTree = "<group>"; };
		A2A3A0F616A46258000C6D09 /* ASIDownloadCache.m */ = {isa = PBXFileReference; fileEncoding = 4; lastKnownFileType = sourcecode.c.objc; name = ASIDownloadCache.m; path = wacool_pad/ASI_Http_Request/ASIDownloadCache.m; sourceTree = "<group>"; };
		A2A3A0F716A46258000C6D09 /* ASIFormDataRequest.h */ = {isa = PBXFileReference; fileEncoding = 4; lastKnownFileType = sourcecode.c.h; name = ASIFormDataRequest.h; path = wacool_pad/ASI_Http_Request/ASIFormDataRequest.h; sourceTree = "<group>"; };
		A2A3A0F816A46258000C6D09 /* ASIFormDataRequest.m */ = {isa = PBXFileReference; fileEncoding = 4; lastKnownFileType = sourcecode.c.objc; name = ASIFormDataRequest.m; path = wacool_pad/ASI_Http_Request/ASIFormDataRequest.m; sourceTree = "<group>"; };
		A2A3A0F916A46258000C6D09 /* ASIHTTPRequest.h */ = {isa = PBXFileReference; fileEncoding = 4; lastKnownFileType = sourcecode.c.h; name = ASIHTTPRequest.h; path = wacool_pad/ASI_Http_Request/ASIHTTPRequest.h; sourceTree = "<group>"; };
		A2A3A0FA16A46258000C6D09 /* ASIHTTPRequest.m */ = {isa = PBXFileReference; fileEncoding = 4; lastKnownFileType = sourcecode.c.objc; name = ASIHTTPRequest.m; path = wacool_pad/ASI_Http_Request/ASIHTTPRequest.m; sourceTree = "<group>"; };
		A2A3A0FB16A46258000C6D09 /* ASIHTTPRequestConfig.h */ = {isa = PBXFileReference; fileEncoding = 4; lastKnownFileType = sourcecode.c.h; name = ASIHTTPRequestConfig.h; path = wacool_pad/ASI_Http_Request/ASIHTTPRequestConfig.h; sourceTree = "<group>"; };
		A2A3A0FC16A46258000C6D09 /* ASIHTTPRequestDelegate.h */ = {isa = PBXFileReference; fileEncoding = 4; lastKnownFileType = sourcecode.c.h; name = ASIHTTPRequestDelegate.h; path = wacool_pad/ASI_Http_Request/ASIHTTPRequestDelegate.h; sourceTree = "<group>"; };
		A2A3A0FD16A46258000C6D09 /* ASIInputStream.h */ = {isa = PBXFileReference; fileEncoding = 4; lastKnownFileType = sourcecode.c.h; name = ASIInputStream.h; path = wacool_pad/ASI_Http_Request/ASIInputStream.h; sourceTree = "<group>"; };
		A2A3A0FE16A46258000C6D09 /* ASIInputStream.m */ = {isa = PBXFileReference; fileEncoding = 4; lastKnownFileType = sourcecode.c.objc; name = ASIInputStream.m; path = wacool_pad/ASI_Http_Request/ASIInputStream.m; sourceTree = "<group>"; };
		A2A3A0FF16A46258000C6D09 /* ASINetworkQueue.h */ = {isa = PBXFileReference; fileEncoding = 4; lastKnownFileType = sourcecode.c.h; name = ASINetworkQueue.h; path = wacool_pad/ASI_Http_Request/ASINetworkQueue.h; sourceTree = "<group>"; };
		A2A3A10016A46258000C6D09 /* ASINetworkQueue.m */ = {isa = PBXFileReference; fileEncoding = 4; lastKnownFileType = sourcecode.c.objc; name = ASINetworkQueue.m; path = wacool_pad/ASI_Http_Request/ASINetworkQueue.m; sourceTree = "<group>"; };
		A2A3A10116A46258000C6D09 /* ASIProgressDelegate.h */ = {isa = PBXFileReference; fileEncoding = 4; lastKnownFileType = sourcecode.c.h; name = ASIProgressDelegate.h; path = wacool_pad/ASI_Http_Request/ASIProgressDelegate.h; sourceTree = "<group>"; };
		A2A3A10216A46258000C6D09 /* Reachability.h */ = {isa = PBXFileReference; fileEncoding = 4; lastKnownFileType = sourcecode.c.h; name = Reachability.h; path = wacool_pad/ASI_Http_Request/Reachability.h; sourceTree = "<group>"; };
		A2A3A10316A46258000C6D09 /* Reachability.m */ = {isa = PBXFileReference; fileEncoding = 4; lastKnownFileType = sourcecode.c.objc; name = Reachability.m; path = wacool_pad/ASI_Http_Request/Reachability.m; sourceTree = "<group>"; };
		A2A3A10416A46258000C6D09 /* ReachabilityAppDelegate.h */ = {isa = PBXFileReference; fileEncoding = 4; lastKnownFileType = sourcecode.c.h; name = ReachabilityAppDelegate.h; path = wacool_pad/ASI_Http_Request/ReachabilityAppDelegate.h; sourceTree = "<group>"; };
		A2A3A10516A46258000C6D09 /* ReachabilityAppDelegate.m */ = {isa = PBXFileReference; fileEncoding = 4; lastKnownFileType = sourcecode.c.objc; name = ReachabilityAppDelegate.m; path = wacool_pad/ASI_Http_Request/ReachabilityAppDelegate.m; sourceTree = "<group>"; };
		A2A3A11016A4632F000C6D09 /* ItemDBUtil.h */ = {isa = PBXFileReference; fileEncoding = 4; lastKnownFileType = sourcecode.c.h; name = ItemDBUtil.h; path = DBUtils/ItemDBUtil.h; sourceTree = "<group>"; };
		A2A3A11116A4632F000C6D09 /* ItemDBUtil.m */ = {isa = PBXFileReference; fileEncoding = 4; lastKnownFileType = sourcecode.c.objc; name = ItemDBUtil.m; path = DBUtils/ItemDBUtil.m; sourceTree = "<group>"; };
		A2A3A11316A46384000C6D09 /* ItemDBConstant.h */ = {isa = PBXFileReference; lastKnownFileType = sourcecode.c.h; path = ItemDBConstant.h; sourceTree = "<group>"; };
		A2DE445216AA7E2C0057B54E /* WacoolConstant.h */ = {isa = PBXFileReference; lastKnownFileType = sourcecode.c.h; path = WacoolConstant.h; sourceTree = "<group>"; };
		A2DE445316AA7FEE0057B54E /* FileUtil.h */ = {isa = PBXFileReference; fileEncoding = 4; lastKnownFileType = sourcecode.c.h; name = FileUtil.h; path = wacool_pad/CommonUtil/FileUtil.h; sourceTree = "<group>"; };
		A2DE445416AA7FEE0057B54E /* FileUtil.m */ = {isa = PBXFileReference; fileEncoding = 4; lastKnownFileType = sourcecode.c.objc; name = FileUtil.m; path = wacool_pad/CommonUtil/FileUtil.m; sourceTree = "<group>"; };
		A2DE445F16AA86350057B54E /* MyViewController.h */ = {isa = PBXFileReference; fileEncoding = 4; lastKnownFileType = sourcecode.c.h; name = MyViewController.h; path = Controllers/MyViewController.h; sourceTree = "<group>"; };
		A2DE446016AA86350057B54E /* MyViewController.m */ = {isa = PBXFileReference; fileEncoding = 4; lastKnownFileType = sourcecode.c.objc; name = MyViewController.m; path = Controllers/MyViewController.m; sourceTree = "<group>"; };
		A2DE446116AA86350057B54E /* MyViewController.xib */ = {isa = PBXFileReference; fileEncoding = 4; lastKnownFileType = file.xib; name = MyViewController.xib; path = Controllers/MyViewController.xib; sourceTree = "<group>"; };
/* End PBXFileReference section */

/* Begin PBXFrameworksBuildPhase section */
		61574F0116A29148000FE9A1 /* Frameworks */ = {
			isa = PBXFrameworksBuildPhase;
			buildActionMask = 2147483647;
			files = (
				A2A3A08116A4424C000C6D09 /* QuartzCore.framework in Frameworks */,
				A2A3A07F16A441A3000C6D09 /* libsqlite3.0.dylib in Frameworks */,
				A2A3A07D16A44194000C6D09 /* libz.1.2.5.dylib in Frameworks */,
				A2A3A07B16A44183000C6D09 /* CFNetwork.framework in Frameworks */,
				A2A3A07516A4413E000C6D09 /* MobileCoreServices.framework in Frameworks */,
				A2A3A07316A44134000C6D09 /* SystemConfiguration.framework in Frameworks */,
				61574F0916A29148000FE9A1 /* UIKit.framework in Frameworks */,
				61574F0B16A29148000FE9A1 /* Foundation.framework in Frameworks */,
				61574F0D16A29148000FE9A1 /* CoreGraphics.framework in Frameworks */,
			);
			runOnlyForDeploymentPostprocessing = 0;
		};
/* End PBXFrameworksBuildPhase section */

/* Begin PBXGroup section */
		61574EF916A29148000FE9A1 = {
			isa = PBXGroup;
			children = (
				61574F0F16A29149000FE9A1 /* Supporting Files */,
				A2A3A08416A442ED000C6D09 /* Resources */,
				A2A3A08316A442AD000C6D09 /* Framework_Util */,
				A2A3A06616A43E28000C6D09 /* Docs */,
				61574F0E16A29149000FE9A1 /* wacool_pad */,
				61574F0716A29148000FE9A1 /* Frameworks */,
				61574F0516A29148000FE9A1 /* Products */,
			);
			sourceTree = "<group>";
		};
		61574F0516A29148000FE9A1 /* Products */ = {
			isa = PBXGroup;
			children = (
				61574F0416A29148000FE9A1 /* wacool_pad.app */,
			);
			name = Products;
			sourceTree = "<group>";
		};
		61574F0716A29148000FE9A1 /* Frameworks */ = {
			isa = PBXGroup;
			children = (
				A2A3A08016A4424C000C6D09 /* QuartzCore.framework */,
				A2A3A07E16A441A3000C6D09 /* libsqlite3.0.dylib */,
				A2A3A07C16A44194000C6D09 /* libz.1.2.5.dylib */,
				A2A3A07A16A44183000C6D09 /* CFNetwork.framework */,
				A2A3A07416A4413E000C6D09 /* MobileCoreServices.framework */,
				A2A3A07216A44134000C6D09 /* SystemConfiguration.framework */,
				61574F0816A29148000FE9A1 /* UIKit.framework */,
				61574F0A16A29148000FE9A1 /* Foundation.framework */,
				61574F0C16A29148000FE9A1 /* CoreGraphics.framework */,
			);
			name = Frameworks;
			sourceTree = "<group>";
		};
		61574F0E16A29149000FE9A1 /* wacool_pad */ = {
			isa = PBXGroup;
			children = (
				A2A3A09016A45598000C6D09 /* CrashHandler */,
				A2A3A08216A44287000C6D09 /* Controllers */,
				A2A3A06F16A43FA5000C6D09 /* DBUtils */,
				A2A3A06916A43EB6000C6D09 /* Constants */,
				61574F2C16A298CE000FE9A1 /* Models */,
				61574F2B16A298BC000FE9A1 /* Services */,
				61574F2916A2983B000FE9A1 /* Delegates */,
			);
			path = wacool_pad;
			sourceTree = "<group>";
		};
		61574F0F16A29149000FE9A1 /* Supporting Files */ = {
			isa = PBXGroup;
			children = (
				61574F1016A29149000FE9A1 /* wacool_pad-Info.plist */,
				61574F1116A29149000FE9A1 /* InfoPlist.strings */,
				61574F1416A29149000FE9A1 /* main.m */,
				61574F1616A29149000FE9A1 /* wacool_pad-Prefix.pch */,
			);
			name = "Supporting Files";
			path = wacool_pad;
			sourceTree = "<group>";
		};
		61574F2916A2983B000FE9A1 /* Delegates */ = {
			isa = PBXGroup;
			children = (
				61574F2D16A29955000FE9A1 /* Api_Delegate */,
				61574F2A16A29869000FE9A1 /* App_Delegate */,
			);
			name = Delegates;
			sourceTree = "<group>";
		};
		61574F2A16A29869000FE9A1 /* App_Delegate */ = {
			isa = PBXGroup;
			children = (
				61574F2E16A29BEA000FE9A1 /* AppDelegate.h */,
				61574F2F16A29BEA000FE9A1 /* AppDelegate.m */,
			);
			name = App_Delegate;
			sourceTree = "<group>";
		};
		61574F2B16A298BC000FE9A1 /* Services */ = {
			isa = PBXGroup;
			children = (
			);
			name = Services;
			sourceTree = "<group>";
		};
		61574F2C16A298CE000FE9A1 /* Models */ = {
			isa = PBXGroup;
			children = (
				A2A3A09816A45C4C000C6D09 /* BaseModel.h */,
				A2A3A09916A45C4C000C6D09 /* BaseModel.m */,
			);
			name = Models;
			sourceTree = "<group>";
		};
		61574F2D16A29955000FE9A1 /* Api_Delegate */ = {
			isa = PBXGroup;
			children = (
				A2A3A06A16A43EC8000C6D09 /* ApiReqDelegate.h */,
			);
			name = Api_Delegate;
			sourceTree = "<group>";
		};
		A2327EF316A8253F00A11FE7 /* CommonUtils */ = {
			isa = PBXGroup;
			children = (
				A2DE445616AA7FF20057B54E /* FileUtil */,
				A2327F2016A8512800A11FE7 /* DataUtil */,
				A2327F1C16A84F4D00A11FE7 /* StringUtil */,
				A2327F1B16A8485400A11FE7 /* PhoneUtil */,
				A2327F1A16A8484500A11FE7 /* MD5Util */,
				A2327F1316A8480F00A11FE7 /* OpenUDID */,
				A2327F1216A847F600A11FE7 /* IPAddress */,
			);
			name = CommonUtils;
			sourceTree = "<group>";
		};
		A2327F1216A847F600A11FE7 /* IPAddress */ = {
			isa = PBXGroup;
			children = (
				A2327F1716A8483900A11FE7 /* IPAddress.c */,
				A2327F1816A8483900A11FE7 /* IPAddress.h */,
			);
			name = IPAddress;
			sourceTree = "<group>";
		};
		A2327F1316A8480F00A11FE7 /* OpenUDID */ = {
			isa = PBXGroup;
			children = (
				A2327F1416A8483100A11FE7 /* OpenUDID.h */,
				A2327F1516A8483100A11FE7 /* OpenUDID.m */,
			);
			name = OpenUDID;
			sourceTree = "<group>";
		};
		A2327F1A16A8484500A11FE7 /* MD5Util */ = {
			isa = PBXGroup;
			children = (
				A2327F0F16A83C9700A11FE7 /* MD5Util.h */,
				A2327F1016A83C9700A11FE7 /* MD5Util.m */,
			);
			name = MD5Util;
			sourceTree = "<group>";
		};
		A2327F1B16A8485400A11FE7 /* PhoneUtil */ = {
			isa = PBXGroup;
			children = (
				A2327EF416A8265000A11FE7 /* PhoneUtil.h */,
				A2327EF516A8265000A11FE7 /* PhoneUtil.m */,
			);
			name = PhoneUtil;
			sourceTree = "<group>";
		};
		A2327F1C16A84F4D00A11FE7 /* StringUtil */ = {
			isa = PBXGroup;
			children = (
				A2327F1D16A84F6900A11FE7 /* StringUtil.h */,
				A2327F1E16A84F6900A11FE7 /* StringUtil.m */,
			);
			name = StringUtil;
			sourceTree = "<group>";
		};
		A2327F2016A8512800A11FE7 /* DataUtil */ = {
			isa = PBXGroup;
			children = (
				A2327F2116A8514500A11FE7 /* DateUtil.h */,
				A2327F2216A8514500A11FE7 /* DateUtil.m */,
			);
			name = DataUtil;
			sourceTree = "<group>";
		};
		A2A3A06616A43E28000C6D09 /* Docs */ = {
			isa = PBXGroup;
			children = (
				A2A3A06716A43E4E000C6D09 /* readme.txt */,
			);
			name = Docs;
			sourceTree = "<group>";
		};
		A2A3A06916A43EB6000C6D09 /* Constants */ = {
			isa = PBXGroup;
			children = (
				A2DE445216AA7E2C0057B54E /* WacoolConstant.h */,
			);
			name = Constants;
			sourceTree = "<group>";
		};
		A2A3A06F16A43FA5000C6D09 /* DBUtils */ = {
			isa = PBXGroup;
			children = (
				A2A3A09B16A45CE3000C6D09 /* DatabaseUtils */,
				A2A3A07116A43FD4000C6D09 /* UserDefaults */,
				A2A3A07016A43FC0000C6D09 /* DBConstants */,
			);
			name = DBUtils;
			sourceTree = "<group>";
		};
		A2A3A07016A43FC0000C6D09 /* DBConstants */ = {
			isa = PBXGroup;
			children = (
				A2A3A09416A4594C000C6D09 /* UserDefaultsConstant.h */,
				A2A3A11316A46384000C6D09 /* ItemDBConstant.h */,
			);
			name = DBConstants;
			sourceTree = "<group>";
		};
		A2A3A07116A43FD4000C6D09 /* UserDefaults */ = {
			isa = PBXGroup;
			children = (
				A2A3A09516A45AE6000C6D09 /* UserDefaultsDBUtil.h */,
				A2A3A09616A45AE6000C6D09 /* UserDefaultsDBUtil.m */,
			);
			name = UserDefaults;
			sourceTree = "<group>";
		};
		A2A3A08216A44287000C6D09 /* Controllers */ = {
			isa = PBXGroup;
			children = (
				A2DE445F16AA86350057B54E /* MyViewController.h */,
				A2DE446016AA86350057B54E /* MyViewController.m */,
				A2DE446116AA86350057B54E /* MyViewController.xib */,
			);
			name = Controllers;
			sourceTree = "<group>";
		};
		A2A3A08316A442AD000C6D09 /* Framework_Util */ = {
			isa = PBXGroup;
			children = (
				A2327EF316A8253F00A11FE7 /* CommonUtils */,
				A2A3A0ED16A46248000C6D09 /* ASI_Http_Request */,
				A2A3A0A816A4612A000C6D09 /* EGOImageLoading */,
				A2A3A0A716A4611D000C6D09 /* SBJsonUtil */,
				A2A3A0A616A46106000C6D09 /* EGODatabase */,
			);
			name = Framework_Util;
			sourceTree = "<group>";
		};
		A2A3A08416A442ED000C6D09 /* Resources */ = {
			isa = PBXGroup;
			children = (
				A2A3A09C16A45E6D000C6D09 /* Localizable */,
				A2A3A08516A442FF000C6D09 /* Drawables */,
			);
			name = Resources;
			sourceTree = "<group>";
		};
		A2A3A08516A442FF000C6D09 /* Drawables */ = {
			isa = PBXGroup;
			children = (
			);
			name = Drawables;
			sourceTree = "<group>";
		};
		A2A3A09016A45598000C6D09 /* CrashHandler */ = {
			isa = PBXGroup;
			children = (
				A2A3A09116A45660000C6D09 /* UncaughtExceptionHandler.h */,
				A2A3A09216A45660000C6D09 /* UncaughtExceptionHandler.m */,
			);
			name = CrashHandler;
			sourceTree = "<group>";
		};
		A2A3A09B16A45CE3000C6D09 /* DatabaseUtils */ = {
			isa = PBXGroup;
			children = (
				A2A3A11016A4632F000C6D09 /* ItemDBUtil.h */,
				A2A3A11116A4632F000C6D09 /* ItemDBUtil.m */,
			);
			name = DatabaseUtils;
			sourceTree = "<group>";
		};
		A2A3A09C16A45E6D000C6D09 /* Localizable */ = {
			isa = PBXGroup;
			children = (
				A2A3A0A416A45F80000C6D09 /* Localizable.strings */,
			);
			name = Localizable;
			sourceTree = "<group>";
		};
		A2A3A0A616A46106000C6D09 /* EGODatabase */ = {
			isa = PBXGroup;
			children = (
				A2A3A0D216A46184000C6D09 /* EGODatabase.h */,
				A2A3A0D316A46184000C6D09 /* EGODatabase.m */,
				A2A3A0D416A46184000C6D09 /* EGODatabaseRequest.h */,
				A2A3A0D516A46184000C6D09 /* EGODatabaseRequest.m */,
				A2A3A0D616A46184000C6D09 /* EGODatabaseResult.h */,
				A2A3A0D716A46184000C6D09 /* EGODatabaseResult.m */,
				A2A3A0D816A46184000C6D09 /* EGODatabaseRow.h */,
				A2A3A0D916A46184000C6D09 /* EGODatabaseRow.m */,
			);
			name = EGODatabase;
			sourceTree = "<group>";
		};
		A2A3A0A716A4611D000C6D09 /* SBJsonUtil */ = {
			isa = PBXGroup;
			children = (
				A2A3A0AD16A46175000C6D09 /* NSObject+SBJson.h */,
				A2A3A0AE16A46175000C6D09 /* NSObject+SBJson.m */,
				A2A3A0AF16A46175000C6D09 /* SBJson.h */,
				A2A3A0B016A46175000C6D09 /* SBJsonParser.h */,
				A2A3A0B116A46175000C6D09 /* SBJsonParser.m */,
				A2A3A0B216A46175000C6D09 /* SBJsonStreamParser.h */,
				A2A3A0B316A46175000C6D09 /* SBJsonStreamParser.m */,
				A2A3A0B416A46175000C6D09 /* SBJsonStreamParserAccumulator.h */,
				A2A3A0B516A46175000C6D09 /* SBJsonStreamParserAccumulator.m */,
				A2A3A0B616A46175000C6D09 /* SBJsonStreamParserAdapter.h */,
				A2A3A0B716A46175000C6D09 /* SBJsonStreamParserAdapter.m */,
				A2A3A0B816A46175000C6D09 /* SBJsonStreamParserState.h */,
				A2A3A0B916A46175000C6D09 /* SBJsonStreamParserState.m */,
				A2A3A0BA16A46175000C6D09 /* SBJsonStreamWriter.h */,
				A2A3A0BB16A46175000C6D09 /* SBJsonStreamWriter.m */,
				A2A3A0BC16A46175000C6D09 /* SBJsonStreamWriterAccumulator.h */,
				A2A3A0BD16A46175000C6D09 /* SBJsonStreamWriterAccumulator.m */,
				A2A3A0BE16A46175000C6D09 /* SBJsonStreamWriterState.h */,
				A2A3A0BF16A46175000C6D09 /* SBJsonStreamWriterState.m */,
				A2A3A0C016A46175000C6D09 /* SBJsonTokeniser.h */,
				A2A3A0C116A46175000C6D09 /* SBJsonTokeniser.m */,
				A2A3A0C216A46175000C6D09 /* SBJsonUTF8Stream.h */,
				A2A3A0C316A46175000C6D09 /* SBJsonUTF8Stream.m */,
				A2A3A0C416A46175000C6D09 /* SBJsonWriter.h */,
				A2A3A0C516A46175000C6D09 /* SBJsonWriter.m */,
			);
			name = SBJsonUtil;
			sourceTree = "<group>";
		};
		A2A3A0A816A4612A000C6D09 /* EGOImageLoading */ = {
			isa = PBXGroup;
			children = (
				A2A3A0AC16A4615A000C6D09 /* EGOImageView */,
				A2A3A0AB16A4614E000C6D09 /* EGOImageLoader */,
				A2A3A0AA16A46142000C6D09 /* EGOImageButton */,
				A2A3A0A916A4612E000C6D09 /* EGOCache */,
			);
			name = EGOImageLoading;
			sourceTree = "<group>";
		};
		A2A3A0A916A4612E000C6D09 /* EGOCache */ = {
			isa = PBXGroup;
			children = (
				A2A3A0DE16A46196000C6D09 /* EGOCache.h */,
				A2A3A0DF16A46196000C6D09 /* EGOCache.m */,
			);
			name = EGOCache;
			sourceTree = "<group>";
		};
		A2A3A0AA16A46142000C6D09 /* EGOImageButton */ = {
			isa = PBXGroup;
			children = (
				A2A3A0E116A461A7000C6D09 /* EGOImageButton.h */,
				A2A3A0E216A461A7000C6D09 /* EGOImageButton.m */,
			);
			name = EGOImageButton;
			sourceTree = "<group>";
		};
		A2A3A0AB16A4614E000C6D09 /* EGOImageLoader */ = {
			isa = PBXGroup;
			children = (
				A2A3A0E416A461B7000C6D09 /* EGOImageLoadConnection.h */,
				A2A3A0E516A461B7000C6D09 /* EGOImageLoadConnection.m */,
				A2A3A0E616A461B7000C6D09 /* EGOImageLoader.h */,
				A2A3A0E716A461B7000C6D09 /* EGOImageLoader.m */,
			);
			name = EGOImageLoader;
			sourceTree = "<group>";
		};
		A2A3A0AC16A4615A000C6D09 /* EGOImageView */ = {
			isa = PBXGroup;
			children = (
				A2A3A0EA16A461CB000C6D09 /* EGOImageView.h */,
				A2A3A0EB16A461CB000C6D09 /* EGOImageView.m */,
			);
			name = EGOImageView;
			sourceTree = "<group>";
		};
		A2A3A0ED16A46248000C6D09 /* ASI_Http_Request */ = {
			isa = PBXGroup;
			children = (
				A2A3A0EE16A46258000C6D09 /* ASIAuthenticationDialog.h */,
				A2A3A0EF16A46258000C6D09 /* ASIAuthenticationDialog.m */,
				A2A3A0F016A46258000C6D09 /* ASICacheDelegate.h */,
				A2A3A0F116A46258000C6D09 /* ASIDataCompressor.h */,
				A2A3A0F216A46258000C6D09 /* ASIDataCompressor.m */,
				A2A3A0F316A46258000C6D09 /* ASIDataDecompressor.h */,
				A2A3A0F416A46258000C6D09 /* ASIDataDecompressor.m */,
				A2A3A0F516A46258000C6D09 /* ASIDownloadCache.h */,
				A2A3A0F616A46258000C6D09 /* ASIDownloadCache.m */,
				A2A3A0F716A46258000C6D09 /* ASIFormDataRequest.h */,
				A2A3A0F816A46258000C6D09 /* ASIFormDataRequest.m */,
				A2A3A0F916A46258000C6D09 /* ASIHTTPRequest.h */,
				A2A3A0FA16A46258000C6D09 /* ASIHTTPRequest.m */,
				A2A3A0FB16A46258000C6D09 /* ASIHTTPRequestConfig.h */,
				A2A3A0FC16A46258000C6D09 /* ASIHTTPRequestDelegate.h */,
				A2A3A0FD16A46258000C6D09 /* ASIInputStream.h */,
				A2A3A0FE16A46258000C6D09 /* ASIInputStream.m */,
				A2A3A0FF16A46258000C6D09 /* ASINetworkQueue.h */,
				A2A3A10016A46258000C6D09 /* ASINetworkQueue.m */,
				A2A3A10116A46258000C6D09 /* ASIProgressDelegate.h */,
				A2A3A10216A46258000C6D09 /* Reachability.h */,
				A2A3A10316A46258000C6D09 /* Reachability.m */,
				A2A3A10416A46258000C6D09 /* ReachabilityAppDelegate.h */,
				A2A3A10516A46258000C6D09 /* ReachabilityAppDelegate.m */,
			);
			name = ASI_Http_Request;
			sourceTree = "<group>";
		};
		A2DE445616AA7FF20057B54E /* FileUtil */ = {
			isa = PBXGroup;
			children = (
				A2DE445316AA7FEE0057B54E /* FileUtil.h */,
				A2DE445416AA7FEE0057B54E /* FileUtil.m */,
			);
			name = FileUtil;
			sourceTree = "<group>";
		};
/* End PBXGroup section */

/* Begin PBXNativeTarget section */
		61574F0316A29148000FE9A1 /* wacool_pad */ = {
			isa = PBXNativeTarget;
			buildConfigurationList = 61574F2216A29149000FE9A1 /* Build configuration list for PBXNativeTarget "wacool_pad" */;
			buildPhases = (
				61574F0016A29148000FE9A1 /* Sources */,
				61574F0116A29148000FE9A1 /* Frameworks */,
				61574F0216A29148000FE9A1 /* Resources */,
			);
			buildRules = (
			);
			dependencies = (
			);
			name = wacool_pad;
			productName = wacool_pad;
			productReference = 61574F0416A29148000FE9A1 /* wacool_pad.app */;
			productType = "com.apple.product-type.application";
		};
/* End PBXNativeTarget section */

/* Begin PBXProject section */
		61574EFB16A29148000FE9A1 /* Project object */ = {
			isa = PBXProject;
			attributes = {
				LastUpgradeCheck = 0440;
				ORGANIZATIONNAME = wacool;
			};
			buildConfigurationList = 61574EFE16A29148000FE9A1 /* Build configuration list for PBXProject "wacool_pad" */;
			compatibilityVersion = "Xcode 3.2";
			developmentRegion = English;
			hasScannedForEncodings = 0;
			knownRegions = (
				en,
			);
			mainGroup = 61574EF916A29148000FE9A1;
			productRefGroup = 61574F0516A29148000FE9A1 /* Products */;
			projectDirPath = "";
			projectRoot = "";
			targets = (
				61574F0316A29148000FE9A1 /* wacool_pad */,
			);
		};
/* End PBXProject section */

/* Begin PBXResourcesBuildPhase section */
		61574F0216A29148000FE9A1 /* Resources */ = {
			isa = PBXResourcesBuildPhase;
			buildActionMask = 2147483647;
			files = (
				61574F1316A29149000FE9A1 /* InfoPlist.strings in Resources */,
				A2A3A06816A43E4E000C6D09 /* readme.txt in Resources */,
				A2A3A0A216A45F80000C6D09 /* Localizable.strings in Resources */,
				A2DE446316AA86350057B54E /* MyViewController.xib in Resources */,
			);
			runOnlyForDeploymentPostprocessing = 0;
		};
/* End PBXResourcesBuildPhase section */

/* Begin PBXSourcesBuildPhase section */
		61574F0016A29148000FE9A1 /* Sources */ = {
			isa = PBXSourcesBuildPhase;
			buildActionMask = 2147483647;
			files = (
				61574F1516A29149000FE9A1 /* main.m in Sources */,
				61574F3016A29BEA000FE9A1 /* AppDelegate.m in Sources */,
				A2A3A09316A45660000C6D09 /* UncaughtExceptionHandler.m in Sources */,
				A2A3A09716A45AE6000C6D09 /* UserDefaultsDBUtil.m in Sources */,
				A2A3A09A16A45C4C000C6D09 /* BaseModel.m in Sources */,
				A2A3A0C616A46175000C6D09 /* NSObject+SBJson.m in Sources */,
				A2A3A0C716A46175000C6D09 /* SBJsonParser.m in Sources */,
				A2A3A0C816A46175000C6D09 /* SBJsonStreamParser.m in Sources */,
				A2A3A0C916A46175000C6D09 /* SBJsonStreamParserAccumulator.m in Sources */,
				A2A3A0CA16A46175000C6D09 /* SBJsonStreamParserAdapter.m in Sources */,
				A2A3A0CB16A46175000C6D09 /* SBJsonStreamParserState.m in Sources */,
				A2A3A0CC16A46175000C6D09 /* SBJsonStreamWriter.m in Sources */,
				A2A3A0CD16A46175000C6D09 /* SBJsonStreamWriterAccumulator.m in Sources */,
				A2A3A0CE16A46175000C6D09 /* SBJsonStreamWriterState.m in Sources */,
				A2A3A0CF16A46175000C6D09 /* SBJsonTokeniser.m in Sources */,
				A2A3A0D016A46175000C6D09 /* SBJsonUTF8Stream.m in Sources */,
				A2A3A0D116A46175000C6D09 /* SBJsonWriter.m in Sources */,
				A2A3A0DA16A46184000C6D09 /* EGODatabase.m in Sources */,
				A2A3A0DB16A46184000C6D09 /* EGODatabaseRequest.m in Sources */,
				A2A3A0DC16A46184000C6D09 /* EGODatabaseResult.m in Sources */,
				A2A3A0DD16A46184000C6D09 /* EGODatabaseRow.m in Sources */,
				A2A3A0E016A46196000C6D09 /* EGOCache.m in Sources */,
				A2A3A0E316A461A7000C6D09 /* EGOImageButton.m in Sources */,
				A2A3A0E816A461B7000C6D09 /* EGOImageLoadConnection.m in Sources */,
				A2A3A0E916A461B7000C6D09 /* EGOImageLoader.m in Sources */,
				A2A3A0EC16A461CB000C6D09 /* EGOImageView.m in Sources */,
				A2A3A10616A46258000C6D09 /* ASIAuthenticationDialog.m in Sources */,
				A2A3A10716A46258000C6D09 /* ASIDataCompressor.m in Sources */,
				A2A3A10816A46258000C6D09 /* ASIDataDecompressor.m in Sources */,
				A2A3A10916A46258000C6D09 /* ASIDownloadCache.m in Sources */,
				A2A3A10A16A46258000C6D09 /* ASIFormDataRequest.m in Sources */,
				A2A3A10B16A46258000C6D09 /* ASIHTTPRequest.m in Sources */,
				A2A3A10C16A46258000C6D09 /* ASIInputStream.m in Sources */,
				A2A3A10D16A46258000C6D09 /* ASINetworkQueue.m in Sources */,
				A2A3A10E16A46258000C6D09 /* Reachability.m in Sources */,
				A2A3A10F16A46258000C6D09 /* ReachabilityAppDelegate.m in Sources */,
				A2A3A11216A4632F000C6D09 /* ItemDBUtil.m in Sources */,
				A2327EF616A8265000A11FE7 /* PhoneUtil.m in Sources */,
				A2327F1116A83C9700A11FE7 /* MD5Util.m in Sources */,
				A2327F1616A8483100A11FE7 /* OpenUDID.m in Sources */,
				A2327F1916A8483900A11FE7 /* IPAddress.c in Sources */,
				A2327F1F16A84F6900A11FE7 /* StringUtil.m in Sources */,
				A2327F2316A8514500A11FE7 /* DateUtil.m in Sources */,
				A2DE445516AA7FEE0057B54E /* FileUtil.m in Sources */,
				A2DE446216AA86350057B54E /* MyViewController.m in Sources */,
			);
			runOnlyForDeploymentPostprocessing = 0;
		};
/* End PBXSourcesBuildPhase section */

/* Begin PBXVariantGroup section */
		61574F1116A29149000FE9A1 /* InfoPlist.strings */ = {
			isa = PBXVariantGroup;
			children = (
				61574F1216A29149000FE9A1 /* en */,
			);
			name = InfoPlist.strings;
			sourceTree = "<group>";
		};
		A2A3A0A416A45F80000C6D09 /* Localizable.strings */ = {
			isa = PBXVariantGroup;
			children = (
				A2A3A0A316A45F80000C6D09 /* en */,
				A2A3A0A516A45F8F000C6D09 /* zh-Hans */,
			);
			name = Localizable.strings;
			sourceTree = "<group>";
		};
/* End PBXVariantGroup section */

/* Begin XCBuildConfiguration section */
		61574F2016A29149000FE9A1 /* Debug */ = {
			isa = XCBuildConfiguration;
			buildSettings = {
				ALWAYS_SEARCH_USER_PATHS = NO;
				ARCHS = "$(ARCHS_STANDARD_32_BIT)";
				CLANG_CXX_LANGUAGE_STANDARD = "gnu++0x";
				CLANG_WARN__DUPLICATE_METHOD_MATCH = YES;
				"CODE_SIGN_IDENTITY[sdk=iphoneos*]" = "iPhone Developer";
				COPY_PHASE_STRIP = NO;
				GCC_C_LANGUAGE_STANDARD = gnu99;
				GCC_DYNAMIC_NO_PIC = NO;
				GCC_OPTIMIZATION_LEVEL = 0;
				GCC_PREPROCESSOR_DEFINITIONS = (
					"DEBUG=1",
					"$(inherited)",
				);
				GCC_SYMBOLS_PRIVATE_EXTERN = NO;
				GCC_VERSION = com.apple.compilers.llvm.clang.1_0;
				GCC_WARN_ABOUT_RETURN_TYPE = YES;
				GCC_WARN_UNINITIALIZED_AUTOS = YES;
				GCC_WARN_UNUSED_VARIABLE = YES;
				IPHONEOS_DEPLOYMENT_TARGET = 5.0;
				SDKROOT = iphoneos;
				TARGETED_DEVICE_FAMILY = 2;
			};
			name = Debug;
		};
		61574F2116A29149000FE9A1 /* Release */ = {
			isa = XCBuildConfiguration;
			buildSettings = {
				ALWAYS_SEARCH_USER_PATHS = NO;
				ARCHS = "$(ARCHS_STANDARD_32_BIT)";
				CLANG_CXX_LANGUAGE_STANDARD = "gnu++0x";
				CLANG_WARN__DUPLICATE_METHOD_MATCH = YES;
				"CODE_SIGN_IDENTITY[sdk=iphoneos*]" = "iPhone Developer";
				COPY_PHASE_STRIP = YES;
				GCC_C_LANGUAGE_STANDARD = gnu99;
				GCC_VERSION = com.apple.compilers.llvm.clang.1_0;
				GCC_WARN_ABOUT_RETURN_TYPE = YES;
				GCC_WARN_UNINITIALIZED_AUTOS = YES;
				GCC_WARN_UNUSED_VARIABLE = YES;
				IPHONEOS_DEPLOYMENT_TARGET = 5.0;
				OTHER_CFLAGS = "-DNS_BLOCK_ASSERTIONS=1";
				SDKROOT = iphoneos;
				TARGETED_DEVICE_FAMILY = 2;
				VALIDATE_PRODUCT = YES;
			};
			name = Release;
		};
		61574F2316A29149000FE9A1 /* Debug */ = {
			isa = XCBuildConfiguration;
			buildSettings = {
				GCC_PRECOMPILE_PREFIX_HEADER = YES;
				GCC_PREFIX_HEADER = "wacool_pad/wacool_pad-Prefix.pch";
				INFOPLIST_FILE = "wacool_pad/wacool_pad-Info.plist";
				IPHONEOS_DEPLOYMENT_TARGET = 5.0;
				PRODUCT_NAME = "$(TARGET_NAME)";
				TARGETED_DEVICE_FAMILY = 2;
				WRAPPER_EXTENSION = app;
			};
			name = Debug;
		};
		61574F2416A29149000FE9A1 /* Release */ = {
			isa = XCBuildConfiguration;
			buildSettings = {
				GCC_PRECOMPILE_PREFIX_HEADER = YES;
				GCC_PREFIX_HEADER = "wacool_pad/wacool_pad-Prefix.pch";
				INFOPLIST_FILE = "wacool_pad/wacool_pad-Info.plist";
				IPHONEOS_DEPLOYMENT_TARGET = 5.0;
				PRODUCT_NAME = "$(TARGET_NAME)";
				TARGETED_DEVICE_FAMILY = 2;
				WRAPPER_EXTENSION = app;
			};
			name = Release;
		};
/* End XCBuildConfiguration section */

/* Begin XCConfigurationList section */
		61574EFE16A29148000FE9A1 /* Build configuration list for PBXProject "wacool_pad" */ = {
			isa = XCConfigurationList;
			buildConfigurations = (
				61574F2016A29149000FE9A1 /* Debug */,
				61574F2116A29149000FE9A1 /* Release */,
			);
			defaultConfigurationIsVisible = 0;
			defaultConfigurationName = Release;
		};
		61574F2216A29149000FE9A1 /* Build configuration list for PBXNativeTarget "wacool_pad" */ = {
			isa = XCConfigurationList;
			buildConfigurations = (
				61574F2316A29149000FE9A1 /* Debug */,
				61574F2416A29149000FE9A1 /* Release */,
			);
			defaultConfigurationIsVisible = 0;
			defaultConfigurationName = Release;
		};
/* End XCConfigurationList section */
	};
	rootObject = 61574EFB16A29148000FE9A1 /* Project object */;
}
